
Microsoft Visual Studio Solution File, Format Version 12.00
# Visual Studio Version 16
VisualStudioVersion = 16.0.31515.178
MinimumVisualStudioVersion = 10.0.40219.1
Project("{9A19103F-16F7-4668-BE54-9A1E7A4F7556}") = "HelloWorldWeb", "HelloWorldWeb\HelloWorldWeb.csproj", "{FFD45029-DBBE-4B5A-B4B5-4964155FB900}"
EndProject
Project("{9A19103F-16F7-4668-BE54-9A1E7A4F7556}") = "Hello World", "HelloWorldConsole\Hello World.csproj", "{567BC484-52F4-44F4-8FDD-F4B29A820ACB}"
EndProject
Project("{2150E333-8FDC-42A3-9474-1A3956D46DE8}") = "Solution Items", "Solution Items", "{9F5B5F34-7C5E-4430-9B34-02436A22D5CA}"
	ProjectSection(SolutionItems) = preProject
		.editorconfig = .editorconfig
		README.md = README.md
	EndProjectSection
EndProject
Project("{9A19103F-16F7-4668-BE54-9A1E7A4F7556}") = "HelloWorldWeb.Tests", "HelloWorldWeb.Tests\HelloWorldWeb.Tests.csproj", "{C9CC60C3-F32B-4E97-9D71-A84CCC8E6017}"
EndProject
Project("{9A19103F-16F7-4668-BE54-9A1E7A4F7556}") = "WebApplication1", "WebApplication1\WebApplication1.csproj", "{0716B826-0E8C-4BBD-8A9D-EAD1CC6E8626}"
EndProject
Project("{9A19103F-16F7-4668-BE54-9A1E7A4F7556}") = "WebApplication2", "WebApplication2\WebApplication2.csproj", "{88ED0212-BB51-42C4-8EE6-1EC03FD6E0A1}"
EndProject
Global
	GlobalSection(SolutionConfigurationPlatforms) = preSolution
		Debug|Any CPU = Debug|Any CPU
		Release|Any CPU = Release|Any CPU
	EndGlobalSection
	GlobalSection(ProjectConfigurationPlatforms) = postSolution
		{FFD45029-DBBE-4B5A-B4B5-4964155FB900}.Debug|Any CPU.ActiveCfg = Debug|Any CPU
		{FFD45029-DBBE-4B5A-B4B5-4964155FB900}.Debug|Any CPU.Build.0 = Debug|Any CPU
		{FFD45029-DBBE-4B5A-B4B5-4964155FB900}.Release|Any CPU.ActiveCfg = Release|Any CPU
		{FFD45029-DBBE-4B5A-B4B5-4964155FB900}.Release|Any CPU.Build.0 = Release|Any CPU
		{567BC484-52F4-44F4-8FDD-F4B29A820ACB}.Debug|Any CPU.ActiveCfg = Debug|Any CPU
		{567BC484-52F4-44F4-8FDD-F4B29A820ACB}.Debug|Any CPU.Build.0 = Debug|Any CPU
		{567BC484-52F4-44F4-8FDD-F4B29A820ACB}.Release|Any CPU.ActiveCfg = Release|Any CPU
		{567BC484-52F4-44F4-8FDD-F4B29A820ACB}.Release|Any CPU.Build.0 = Release|Any CPU
		{C9CC60C3-F32B-4E97-9D71-A84CCC8E6017}.Debug|Any CPU.ActiveCfg = Debug|Any CPU
		{C9CC60C3-F32B-4E97-9D71-A84CCC8E6017}.Debug|Any CPU.Build.0 = Debug|Any CPU
		{C9CC60C3-F32B-4E97-9D71-A84CCC8E6017}.Release|Any CPU.ActiveCfg = Release|Any CPU
		{C9CC60C3-F32B-4E97-9D71-A84CCC8E6017}.Release|Any CPU.Build.0 = Release|Any CPU
		{0716B826-0E8C-4BBD-8A9D-EAD1CC6E8626}.Debug|Any CPU.ActiveCfg = Debug|Any CPU
		{0716B826-0E8C-4BBD-8A9D-EAD1CC6E8626}.Debug|Any CPU.Build.0 = Debug|Any CPU
		{0716B826-0E8C-4BBD-8A9D-EAD1CC6E8626}.Release|Any CPU.ActiveCfg = Release|Any CPU
		{0716B826-0E8C-4BBD-8A9D-EAD1CC6E8626}.Release|Any CPU.Build.0 = Release|Any CPU
		{88ED0212-BB51-42C4-8EE6-1EC03FD6E0A1}.Debug|Any CPU.ActiveCfg = Debug|Any CPU
		{88ED0212-BB51-42C4-8EE6-1EC03FD6E0A1}.Debug|Any CPU.Build.0 = Debug|Any CPU
		{88ED0212-BB51-42C4-8EE6-1EC03FD6E0A1}.Release|Any CPU.ActiveCfg = Release|Any CPU
		{88ED0212-BB51-42C4-8EE6-1EC03FD6E0A1}.Release|Any CPU.Build.0 = Release|Any CPU
	EndGlobalSection
	GlobalSection(SolutionProperties) = preSolution
		HideSolutionNode = FALSE
	EndGlobalSection
	GlobalSection(ExtensibilityGlobals) = postSolution
		SolutionGuid = {1330153D-080C-4CE8-90CE-DF160138CE2C}
	EndGlobalSection
EndGlobal
