
Microsoft Visual Studio Solution File, Format Version 12.00
# Visual Studio Version 16
VisualStudioVersion = 16.0.31515.178
MinimumVisualStudioVersion = 10.0.40219.1
Project("{9A19103F-16F7-4668-BE54-9A1E7A4F7556}") = "Hello World", "Hello World.csproj", "{32D55690-74D6-435C-B78E-36875A06D6B1}"
EndProject
Project("{9A19103F-16F7-4668-BE54-9A1E7A4F7556}") = "HelloWorldWeb", "..\HelloWorldWeb\HelloWorldWeb.csproj", "{98132C69-D5BD-4328-94A4-1140123F437F}"
EndProject
Global
	GlobalSection(SolutionConfigurationPlatforms) = preSolution
		Debug|Any CPU = Debug|Any CPU
		Release|Any CPU = Release|Any CPU
	EndGlobalSection
	GlobalSection(ProjectConfigurationPlatforms) = postSolution
		{32D55690-74D6-435C-B78E-36875A06D6B1}.Debug|Any CPU.ActiveCfg = Debug|Any CPU
		{32D55690-74D6-435C-B78E-36875A06D6B1}.Debug|Any CPU.Build.0 = Debug|Any CPU
		{32D55690-74D6-435C-B78E-36875A06D6B1}.Release|Any CPU.ActiveCfg = Release|Any CPU
		{32D55690-74D6-435C-B78E-36875A06D6B1}.Release|Any CPU.Build.0 = Release|Any CPU
		{98132C69-D5BD-4328-94A4-1140123F437F}.Debug|Any CPU.ActiveCfg = Debug|Any CPU
		{98132C69-D5BD-4328-94A4-1140123F437F}.Debug|Any CPU.Build.0 = Debug|Any CPU
		{98132C69-D5BD-4328-94A4-1140123F437F}.Release|Any CPU.ActiveCfg = Release|Any CPU
		{98132C69-D5BD-4328-94A4-1140123F437F}.Release|Any CPU.Build.0 = Release|Any CPU
	EndGlobalSection
	GlobalSection(SolutionProperties) = preSolution
		HideSolutionNode = FALSE
	EndGlobalSection
	GlobalSection(ExtensibilityGlobals) = postSolution
		SolutionGuid = {1330153D-080C-4CE8-90CE-DF160138CE2C}
	EndGlobalSection
EndGlobal
